// !$*UTF8*$!
{
	archiveVersion = 1;
	classes = {
	};
	objectVersion = 46;
	objects = {

/* Begin PBXBuildFile section */
		91F63AB71F3B1A18003F7C4D /* AppDelegate.swift in Sources */ = {isa = PBXBuildFile; fileRef = 91F63AB61F3B1A18003F7C4D /* AppDelegate.swift */; };
		91F63AB91F3B1A18003F7C4D /* ViewController.swift in Sources */ = {isa = PBXBuildFile; fileRef = 91F63AB81F3B1A18003F7C4D /* ViewController.swift */; };
		91F63ABC1F3B1A18003F7C4D /* Main.storyboard in Resources */ = {isa = PBXBuildFile; fileRef = 91F63ABA1F3B1A18003F7C4D /* Main.storyboard */; };
		91F63ABE1F3B1A18003F7C4D /* Assets.xcassets in Resources */ = {isa = PBXBuildFile; fileRef = 91F63ABD1F3B1A18003F7C4D /* Assets.xcassets */; };
		91F63AC11F3B1A18003F7C4D /* LaunchScreen.storyboard in Resources */ = {isa = PBXBuildFile; fileRef = 91F63ABF1F3B1A18003F7C4D /* LaunchScreen.storyboard */; };
/* End PBXBuildFile section */

/* Begin PBXFileReference section */
		91F63AB31F3B1A18003F7C4D /* NewRecipe.app */ = {isa = PBXFileReference; explicitFileType = wrapper.application; includeInIndex = 0; path = NewRecipe.app; sourceTree = BUILT_PRODUCTS_DIR; };
		91F63AB61F3B1A18003F7C4D /* AppDelegate.swift */ = {isa = PBXFileReference; lastKnownFileType = sourcecode.swift; path = AppDelegate.swift; sourceTree = "<group>"; };
		91F63AB81F3B1A18003F7C4D /* ViewController.swift */ = {isa = PBXFileReference; lastKnownFileType = sourcecode.swift; path = ViewController.swift; sourceTree = "<group>"; };
		91F63ABB1F3B1A18003F7C4D /* Base */ = {isa = PBXFileReference; lastKnownFileType = file.storyboard; name = Base; path = Base.lproj/Main.storyboard; sourceTree = "<group>"; };
		91F63ABD1F3B1A18003F7C4D /* Assets.xcassets */ = {isa = PBXFileReference; lastKnownFileType = folder.assetcatalog; path = Assets.xcassets; sourceTree = "<group>"; };
		91F63AC01F3B1A18003F7C4D /* Base */ = {isa = PBXFileReference; lastKnownFileType = file.storyboard; name = Base; path = Base.lproj/LaunchScreen.storyboard; sourceTree = "<group>"; };
		91F63AC21F3B1A18003F7C4D /* Info.plist */ = {isa = PBXFileReference; lastKnownFileType = text.plist.xml; path = Info.plist; sourceTree = "<group>"; };
/* End PBXFileReference section */

/* Begin PBXFrameworksBuildPhase section */
		91F63AB01F3B1A18003F7C4D /* Frameworks */ = {
			isa = PBXFrameworksBuildPhase;
			buildActionMask = 2147483647;
			files = (
			);
			runOnlyForDeploymentPostprocessing = 0;
		};
/* End PBXFrameworksBuildPhase section */

/* Begin PBXGroup section */
		91F63AAA1F3B1A18003F7C4D = {
			isa = PBXGroup;
			children = (
				91F63AB51F3B1A18003F7C4D /* NewRecipe */,
				91F63AB41F3B1A18003F7C4D /* Products */,
			);
			sourceTree = "<group>";
		};
		91F63AB41F3B1A18003F7C4D /* Products */ = {
			isa = PBXGroup;
			children = (
				91F63AB31F3B1A18003F7C4D /* NewRecipe.app */,
			);
			name = Products;
			sourceTree = "<group>";
		};
		91F63AB51F3B1A18003F7C4D /* NewRecipe */ = {
			isa = PBXGroup;
			children = (
				91F63AB61F3B1A18003F7C4D /* AppDelegate.swift */,
				91F63AB81F3B1A18003F7C4D /* ViewController.swift */,
				91F63ABA1F3B1A18003F7C4D /* Main.storyboard */,
				91F63ABD1F3B1A18003F7C4D /* Assets.xcassets */,
				91F63ABF1F3B1A18003F7C4D /* LaunchScreen.storyboard */,
				91F63AC21F3B1A18003F7C4D /* Info.plist */,
			);
			path = NewRecipe;
			sourceTree = "<group>";
		};
/* End PBXGroup section */

/* Begin PBXNativeTarget section */
		91F63AB21F3B1A18003F7C4D /* NewRecipe */ = {
			isa = PBXNativeTarget;
			buildConfigurationList = 91F63AC51F3B1A18003F7C4D /* Build configuration list for PBXNativeTarget "NewRecipe" */;
			buildPhases = (
				91F63AAF1F3B1A18003F7C4D /* Sources */,
				91F63AB01F3B1A18003F7C4D /* Frameworks */,
				91F63AB11F3B1A18003F7C4D /* Resources */,
			);
			buildRules = (
			);
			dependencies = (
			);
			name = NewRecipe;
			productName = NewRecipe;
			productReference = 91F63AB31F3B1A18003F7C4D /* NewRecipe.app */;
			productType = "com.apple.product-type.application";
		};
/* End PBXNativeTarget section */

/* Begin PBXProject section */
		91F63AAB1F3B1A18003F7C4D /* Project object */ = {
			isa = PBXProject;
			attributes = {
				LastSwiftUpdateCheck = 0830;
				LastUpgradeCheck = 0830;
				ORGANIZATIONNAME = "鈴木英利";
				TargetAttributes = {
					91F63AB21F3B1A18003F7C4D = {
						CreatedOnToolsVersion = 8.3.3;
						DevelopmentTeam = YBCQ27YABF;
						ProvisioningStyle = Automatic;
					};
				};
			};
			buildConfigurationList = 91F63AAE1F3B1A18003F7C4D /* Build configuration list for PBXProject "NewRecipe" */;
			compatibilityVersion = "Xcode 3.2";
			developmentRegion = English;
			hasScannedForEncodings = 0;
			knownRegions = (
				en,
				Base,
			);
			mainGroup = 91F63AAA1F3B1A18003F7C4D;
			productRefGroup = 91F63AB41F3B1A18003F7C4D /* Products */;
			projectDirPath = "";
			projectRoot = "";
			targets = (
				91F63AB21F3B1A18003F7C4D /* NewRecipe */,
			);
		};
/* End PBXProject section */

/* Begin PBXResourcesBuildPhase section */
		91F63AB11F3B1A18003F7C4D /* Resources */ = {
			isa = PBXResourcesBuildPhase;
			buildActionMask = 2147483647;
			files = (
				91F63AC11F3B1A18003F7C4D /* LaunchScreen.storyboard in Resources */,
				91F63ABE1F3B1A18003F7C4D /* Assets.xcassets in Resources */,
				91F63ABC1F3B1A18003F7C4D /* Main.storyboard in Resources */,
			);
			runOnlyForDeploymentPostprocessing = 0;
		};
/* End PBXResourcesBuildPhase section */

/* Begin PBXSourcesBuildPhase section */
		91F63AAF1F3B1A18003F7C4D /* Sources */ = {
			isa = PBXSourcesBuildPhase;
			buildActionMask = 2147483647;
			files = (
				91F63AB91F3B1A18003F7C4D /* ViewController.swift in Sources */,
				91F63AB71F3B1A18003F7C4D /* AppDelegate.swift in Sources */,
			);
			runOnlyForDeploymentPostprocessing = 0;
		};
/* End PBXSourcesBuildPhase section */

/* Begin PBXVariantGroup section */
		91F63ABA1F3B1A18003F7C4D /* Main.storyboard */ = {
			isa = PBXVariantGroup;
			children = (
				91F63ABB1F3B1A18003F7C4D /* Base */,
			);
			name = Main.storyboard;
			sourceTree = "<group>";
		};
		91F63ABF1F3B1A18003F7C4D /* LaunchScreen.storyboard */ = {
			isa = PBXVariantGroup;
			children = (
				91F63AC01F3B1A18003F7C4D /* Base */,
			);
			name = LaunchScreen.storyboard;
			sourceTree = "<group>";
		};
/* End PBXVariantGroup section */

/* Begin XCBuildConfiguration section */
		91F63AC31F3B1A18003F7C4D /* Debug */ = {
			isa = XCBuildConfiguration;
			buildSettings = {
				ALWAYS_SEARCH_USER_PATHS = NO;
				CLANG_ANALYZER_NONNULL = YES;
				CLANG_ANALYZER_NUMBER_OBJECT_CONVERSION = YES_AGGRESSIVE;
				CLANG_CXX_LANGUAGE_STANDARD = "gnu++0x";
				CLANG_CXX_LIBRARY = "libc++";
				CLANG_ENABLE_MODULES = YES;
				CLANG_ENABLE_OBJC_ARC = YES;
				CLANG_WARN_BOOL_CONVERSION = YES;
				CLANG_WARN_CONSTANT_CONVERSION = YES;
				CLANG_WARN_DIRECT_OBJC_ISA_USAGE = YES_ERROR;
				CLANG_WARN_DOCUMENTATION_COMMENTS = YES;
				CLANG_WARN_EMPTY_BODY = YES;
				CLANG_WARN_ENUM_CONVERSION = YES;
				CLANG_WARN_INFINITE_RECURSION = YES;
				CLANG_WARN_INT_CONVERSION = YES;
				CLANG_WARN_OBJC_ROOT_CLASS = YES_ERROR;
				CLANG_WARN_SUSPICIOUS_MOVE = YES;
				CLANG_WARN_UNREACHABLE_CODE = YES;
				CLANG_WARN__DUPLICATE_METHOD_MATCH = YES;
				"CODE_SIGN_IDENTITY[sdk=iphoneos*]" = "iPhone Developer";
				COPY_PHASE_STRIP = NO;
				DEBUG_INFORMATION_FORMAT = dwarf;
				ENABLE_STRICT_OBJC_MSGSEND = YES;
				ENABLE_TESTABILITY = YES;
				GCC_C_LANGUAGE_STANDARD = gnu99;
				GCC_DYNAMIC_NO_PIC = NO;
				GCC_NO_COMMON_BLOCKS = YES;
				GCC_OPTIMIZATION_LEVEL = 0;
				GCC_PREPROCESSOR_DEFINITIONS = (
					"DEBUG=1",
					"$(inherited)",
				);
				GCC_WARN_64_TO_32_BIT_CONVERSION = YES;
				GCC_WARN_ABOUT_RETURN_TYPE = YES_ERROR;
				GCC_WARN_UNDECLARED_SELECTOR = YES;
				GCC_WARN_UNINITIALIZED_AUTOS = YES_AGGRESSIVE;
				GCC_WARN_UNUSED_FUNCTION = YES;
				GCC_WARN_UNUSED_VARIABLE = YES;
				IPHONEOS_DEPLOYMENT_TARGET = 10.3;
				MTL_ENABLE_DEBUG_INFO = YES;
				ONLY_ACTIVE_ARCH = YES;
				SDKROOT = iphoneos;
				SWIFT_ACTIVE_COMPILATION_CONDITIONS = DEBUG;
				SWIFT_OPTIMIZATION_LEVEL = "-Onone";
			};
			name = Debug;
		};
		91F63AC41F3B1A18003F7C4D /* Release */ = {
			isa = XCBuildConfiguration;
			buildSettings = {
				ALWAYS_SEARCH_USER_PATHS = NO;
				CLANG_ANALYZER_NONNULL = YES;
				CLANG_ANALYZER_NUMBER_OBJECT_CONVERSION = YES_AGGRESSIVE;
				CLANG_CXX_LANGUAGE_STANDARD = "gnu++0x";
				CLANG_CXX_LIBRARY = "libc++";
				CLANG_ENABLE_MODULES = YES;
				CLANG_ENABLE_OBJC_ARC = YES;
				CLANG_WARN_BOOL_CONVERSION = YES;
				CLANG_WARN_CONSTANT_CONVERSION = YES;
				CLANG_WARN_DIRECT_OBJC_ISA_USAGE = YES_ERROR;
				CLANG_WARN_DOCUMENTATION_COMMENTS = YES;
				CLANG_WARN_EMPTY_BODY = YES;
				CLANG_WARN_ENUM_CONVERSION = YES;
				CLANG_WARN_INFINITE_RECURSION = YES;
				CLANG_WARN_INT_CONVERSION = YES;
				CLANG_WARN_OBJC_ROOT_CLASS = YES_ERROR;
				CLANG_WARN_SUSPICIOUS_MOVE = YES;
				CLANG_WARN_UNREACHABLE_CODE = YES;
				CLANG_WARN__DUPLICATE_METHOD_MATCH = YES;
				"CODE_SIGN_IDENTITY[sdk=iphoneos*]" = "iPhone Developer";
				COPY_PHASE_STRIP = NO;
				DEBUG_INFORMATION_FORMAT = "dwarf-with-dsym";
				ENABLE_NS_ASSERTIONS = NO;
				ENABLE_STRICT_OBJC_MSGSEND = YES;
				GCC_C_LANGUAGE_STANDARD = gnu99;
				GCC_NO_COMMON_BLOCKS = YES;
				GCC_WARN_64_TO_32_BIT_CONVERSION = YES;
				GCC_WARN_ABOUT_RETURN_TYPE = YES_ERROR;
				GCC_WARN_UNDECLARED_SELECTOR = YES;
				GCC_WARN_UNINITIALIZED_AUTOS = YES_AGGRESSIVE;
				GCC_WARN_UNUSED_FUNCTION = YES;
				GCC_WARN_UNUSED_VARIABLE = YES;
				IPHONEOS_DEPLOYMENT_TARGET = 10.3;
				MTL_ENABLE_DEBUG_INFO = NO;
				SDKROOT = iphoneos;
				SWIFT_OPTIMIZATION_LEVEL = "-Owholemodule";
				VALIDATE_PRODUCT = YES;
			};
			name = Release;
		};
		91F63AC61F3B1A18003F7C4D /* Debug */ = {
			isa = XCBuildConfiguration;
			buildSettings = {
				ASSETCATALOG_COMPILER_APPICON_NAME = AppIcon;
				DEVELOPMENT_TEAM = YBCQ27YABF;
				INFOPLIST_FILE = NewRecipe/Info.plist;
				LD_RUNPATH_SEARCH_PATHS = "$(inherited) @executable_path/Frameworks";
				PRODUCT_BUNDLE_IDENTIFIER = jp.softbank.i.imaoilyf.NewRecipe;
				PRODUCT_NAME = "$(TARGET_NAME)";
				SWIFT_VERSION = 3.0;
			};
			name = Debug;
		};
		91F63AC71F3B1A18003F7C4D /* Release */ = {
			isa = XCBuildConfiguration;
			buildSettings = {
				ASSETCATALOG_COMPILER_APPICON_NAME = AppIcon;
				DEVELOPMENT_TEAM = YBCQ27YABF;
				INFOPLIST_FILE = NewRecipe/Info.plist;
				LD_RUNPATH_SEARCH_PATHS = "$(inherited) @executable_path/Frameworks";
				PRODUCT_BUNDLE_IDENTIFIER = jp.softbank.i.imaoilyf.NewRecipe;
				PRODUCT_NAME = "$(TARGET_NAME)";
				SWIFT_VERSION = 3.0;
			};
			name = Release;
		};
/* End XCBuildConfiguration section */

/* Begin XCConfigurationList section */
		91F63AAE1F3B1A18003F7C4D /* Build configuration list for PBXProject "NewRecipe" */ = {
			isa = XCConfigurationList;
			buildConfigurations = (
				91F63AC31F3B1A18003F7C4D /* Debug */,
				91F63AC41F3B1A18003F7C4D /* Release */,
			);
			defaultConfigurationIsVisible = 0;
			defaultConfigurationName = Release;
		};
		91F63AC51F3B1A18003F7C4D /* Build configuration list for PBXNativeTarget "NewRecipe" */ = {
			isa = XCConfigurationList;
			buildConfigurations = (
				91F63AC61F3B1A18003F7C4D /* Debug */,
				91F63AC71F3B1A18003F7C4D /* Release */,
			);
			defaultConfigurationIsVisible = 0;
		};
/* End XCConfigurationList section */
	};
	rootObject = 91F63AAB1F3B1A18003F7C4D /* Project object */;
}
